{
  "requires": true,
  "lockfileVersion": 1,
  "dependencies": {
    "@octokit/rest": {
      "version": "15.18.3",
      "resolved": "https://npm.groupondev.com:443/api/npm/npm-release/@octokit/rest/-/rest-15.18.3.tgz",
      "integrity": "sha1-/07Lt4TKKGxAzB1WirztptmbNvw=",
      "requires": {
        "before-after-hook": "^1.1.0",
        "btoa-lite": "^1.0.0",
        "debug": "^3.1.0",
        "http-proxy-agent": "^2.1.0",
        "https-proxy-agent": "^2.2.0",
        "lodash": "^4.17.4",
        "node-fetch": "^2.1.1",
        "universal-user-agent": "^2.0.0",
        "url-template": "^2.0.8"
      }
    },
    "agent-base": {
      "version": "4.3.0",
      "resolved": "https://npm.groupondev.com:443/api/npm/npm-release/agent-base/-/agent-base-4.3.0.tgz",
      "integrity": "sha1-gWXwHENgCbzK0LHRIvBe13Dvxu4=",
      "requires": {
        "es6-promisify": "^5.0.0"
      }
    },
    "base64-js": {
      "version": "1.5.1",
      "resolved": "https://npm.groupondev.com:443/api/npm/npm-release/base64-js/-/base64-js-1.5.1.tgz",
      "integrity": "sha1-GxtEAWClv3rUC2UPCVljSBkDkwo="
    },
    "before-after-hook": {
      "version": "1.4.0",
      "resolved": "https://npm.groupondev.com:443/api/npm/npm-release/before-after-hook/-/before-after-hook-1.4.0.tgz",
      "integrity": "sha1-K2vyPcpPMuYo/SdHwQo3x0pLSE0="
    },
    "bl": {
      "version": "4.0.4",
      "resolved": "https://npm.groupondev.com:443/api/npm/npm-release/bl/-/bl-4.0.4.tgz",
      "integrity": "sha1-9P2jn4GoEdDfY2jB7ZHa5JnRyQA=",
      "requires": {
        "buffer": "^5.5.0",
        "inherits": "^2.0.4",
        "readable-stream": "^3.4.0"
      }
    },
    "btoa-lite": {
      "version": "1.0.0",
      "resolved": "https://npm.groupondev.com:443/api/npm/npm-release/btoa-lite/-/btoa-lite-1.0.0.tgz",
      "integrity": "sha1-M3dm2hWAEhD92VbCLpxokaudAzc="
    },
    "buffer": {
      "version": "5.7.1",
      "resolved": "https://npm.groupondev.com:443/api/npm/npm-release/buffer/-/buffer-5.7.1.tgz",
      "integrity": "sha1-umLnwTEzBTWCGXFghRqPZI6Z7tA=",
      "requires": {
        "base64-js": "^1.3.1",
        "ieee754": "^1.1.13"
      }
    },
    "buffer-equal-constant-time": {
      "version": "1.0.1",
      "resolved": "https://npm.groupondev.com:443/api/npm/npm-release/buffer-equal-constant-time/-/buffer-equal-constant-time-1.0.1.tgz",
      "integrity": "sha1-+OcRMvf/5uAaXJaXpMbz5I1cyBk="
    },
    "cross-spawn": {
      "version": "6.0.5",
      "resolved": "https://npm.groupondev.com:443/api/npm/npm-release/cross-spawn/-/cross-spawn-6.0.5.tgz",
      "integrity": "sha1-Sl7Hxk364iw6FBJNus3uhG2Ay8Q=",
      "requires": {
        "nice-try": "^1.0.4",
        "path-key": "^2.0.1",
        "semver": "^5.5.0",
        "shebang-command": "^1.2.0",
        "which": "^1.2.9"
      }
    },
    "debug": {
      "version": "3.2.7",
      "resolved": "https://npm.groupondev.com:443/api/npm/npm-release/debug/-/debug-3.2.7.tgz",
      "integrity": "sha1-clgLfpFF+zm2Z2+cXl+xALk0F5o=",
      "requires": {
        "ms": "^2.1.1"
      }
    },
    "ecdsa-sig-formatter": {
      "version": "1.0.11",
      "resolved": "https://npm.groupondev.com:443/api/npm/npm-release/ecdsa-sig-formatter/-/ecdsa-sig-formatter-1.0.11.tgz",
      "integrity": "sha1-rg8PothQRe8UqBfao86azQSJ5b8=",
      "requires": {
        "safe-buffer": "^5.0.1"
      }
    },
    "end-of-stream": {
      "version": "1.4.4",
      "resolved": "https://npm.groupondev.com:443/api/npm/npm-release/end-of-stream/-/end-of-stream-1.4.4.tgz",
      "integrity": "sha1-WuZKX0UFe682JuwU2gyl5LJDHrA=",
      "requires": {
        "once": "^1.4.0"
      }
    },
    "es6-promise": {
      "version": "4.2.8",
      "resolved": "https://npm.groupondev.com:443/api/npm/npm-release/es6-promise/-/es6-promise-4.2.8.tgz",
      "integrity": "sha1-TrIVlMlyvEBVPSduUQU5FD21Pgo="
    },
    "es6-promisify": {
      "version": "5.0.0",
      "resolved": "https://npm.groupondev.com:443/api/npm/npm-release/es6-promisify/-/es6-promisify-5.0.0.tgz",
      "integrity": "sha1-UQnWLz5W6pZ8S2NQWu8IKRyKUgM=",
      "requires": {
        "es6-promise": "^4.0.3"
      }
    },
    "execa": {
      "version": "1.0.0",
      "resolved": "https://npm.groupondev.com:443/api/npm/npm-release/execa/-/execa-1.0.0.tgz",
      "integrity": "sha1-xiNqW7TfbW8V6I5/AXeYIWdJ3dg=",
      "requires": {
        "cross-spawn": "^6.0.0",
        "get-stream": "^4.0.0",
        "is-stream": "^1.1.0",
        "npm-run-path": "^2.0.0",
        "p-finally": "^1.0.0",
        "signal-exit": "^3.0.0",
        "strip-eof": "^1.0.0"
      }
    },
    "get-stream": {
      "version": "4.1.0",
      "resolved": "https://npm.groupondev.com:443/api/npm/npm-release/get-stream/-/get-stream-4.1.0.tgz",
      "integrity": "sha1-wbJVV189wh1Zv8ec09K0axw6VLU=",
      "requires": {
        "pump": "^3.0.0"
      }
    },
    "github-app": {
      "version": "4.0.1",
      "resolved": "https://npm.groupondev.com:443/api/npm/npm-release/github-app/-/github-app-4.0.1.tgz",
      "integrity": "sha1-r9NwsCx9zAktxXm4OW6cgx2w+RA=",
      "requires": {
        "@octokit/rest": "^15.10.0",
        "jsonwebtoken": "^8.2.1"
      }
    },
    "github-webhook-handler": {
      "version": "1.0.0",
      "resolved": "https://npm.groupondev.com:443/api/npm/npm-release/github-webhook-handler/-/github-webhook-handler-1.0.0.tgz",
      "integrity": "sha1-lqu4UbO3nFMNFnQkfDC8vGtolfw=",
      "requires": {
        "bl": "~4.0.0"
      }
    },
    "http-proxy-agent": {
      "version": "2.1.0",
      "resolved": "https://npm.groupondev.com:443/api/npm/npm-release/http-proxy-agent/-/http-proxy-agent-2.1.0.tgz",
      "integrity": "sha1-5IIb7vWyFCogJr1zkm/lN2McVAU=",
      "requires": {
        "agent-base": "4",
        "debug": "3.1.0"
      },
      "dependencies": {
        "debug": {
          "version": "3.1.0",
          "resolved": "https://npm.groupondev.com:443/api/npm/npm-release/debug/-/debug-3.1.0.tgz",
          "integrity": "sha1-W7WgZyYotkFJVmuhaBnmFRjGcmE=",
          "requires": {
            "ms": "2.0.0"
          }
        },
        "ms": {
          "version": "2.0.0",
          "resolved": "https://npm.groupondev.com:443/api/npm/npm-release/ms/-/ms-2.0.0.tgz",
          "integrity": "sha1-VgiurfwAvmwpAd9fmGF4jeDVl8g="
        }
      }
    },
    "https-proxy-agent": {
      "version": "2.2.4",
      "resolved": "https://npm.groupondev.com:443/api/npm/npm-release/https-proxy-agent/-/https-proxy-agent-2.2.4.tgz",
      "integrity": "sha1-TuenN6vZJniik9mzShr00NCMeHs=",
      "requires": {
        "agent-base": "^4.3.0",
        "debug": "^3.1.0"
      }
    },
    "ieee754": {
      "version": "1.2.1",
      "resolved": "https://npm.groupondev.com:443/api/npm/npm-release/ieee754/-/ieee754-1.2.1.tgz",
      "integrity": "sha1-jrehCmP/8l0VpXsAFYbRd9Gw01I="
    },
    "inherits": {
      "version": "2.0.4",
      "resolved": "https://npm.groupondev.com:443/api/npm/npm-release/inherits/-/inherits-2.0.4.tgz",
      "integrity": "sha1-D6LGT5MpF8NDOg3tVTY6rjdBa3w="
    },
    "is-stream": {
      "version": "1.1.0",
      "resolved": "https://npm.groupondev.com:443/api/npm/npm-release/is-stream/-/is-stream-1.1.0.tgz",
      "integrity": "sha1-EtSj3U5o4Lec6428hBc66A2RykQ="
    },
    "isexe": {
      "version": "2.0.0",
      "resolved": "https://npm.groupondev.com:443/api/npm/npm-release/isexe/-/isexe-2.0.0.tgz",
      "integrity": "sha1-6PvzdNxVb/iUehDcsFctYz8s+hA="
    },
    "jsonwebtoken": {
      "version": "8.5.1",
      "resolved": "https://npm.groupondev.com:443/api/npm/npm-release/jsonwebtoken/-/jsonwebtoken-8.5.1.tgz",
      "integrity": "sha1-AOceC431TCEhofJhN98igGc7zA0=",
      "requires": {
        "jws": "^3.2.2",
        "lodash.includes": "^4.3.0",
        "lodash.isboolean": "^3.0.3",
        "lodash.isinteger": "^4.0.4",
        "lodash.isnumber": "^3.0.3",
        "lodash.isplainobject": "^4.0.6",
        "lodash.isstring": "^4.0.1",
        "lodash.once": "^4.0.0",
        "ms": "^2.1.1",
        "semver": "^5.6.0"
      }
    },
    "jwa": {
      "version": "1.4.1",
      "resolved": "https://npm.groupondev.com:443/api/npm/npm-release/jwa/-/jwa-1.4.1.tgz",
      "integrity": "sha1-dDwymFy56YZVUw1TZBtmyGRbA5o=",
      "requires": {
        "buffer-equal-constant-time": "1.0.1",
        "ecdsa-sig-formatter": "1.0.11",
        "safe-buffer": "^5.0.1"
      }
    },
    "jws": {
      "version": "3.2.2",
      "resolved": "https://npm.groupondev.com:443/api/npm/npm-release/jws/-/jws-3.2.2.tgz",
      "integrity": "sha1-ABCZ82OUaMlBQADpmZX6UvtHgwQ=",
      "requires": {
        "jwa": "^1.4.1",
        "safe-buffer": "^5.0.1"
      }
    },
    "lodash": {
      "version": "4.17.21",
      "resolved": "https://npm.groupondev.com:443/api/npm/npm-release/lodash/-/lodash-4.17.21.tgz",
      "integrity": "sha1-Z5WRxWTDv/quhFTPCz3zcMPWkRw="
    },
    "lodash.includes": {
      "version": "4.3.0",
      "resolved": "https://npm.groupondev.com:443/api/npm/npm-release/lodash.includes/-/lodash.includes-4.3.0.tgz",
      "integrity": "sha1-YLuYqHy5I8aMoeUTJUgzFISfVT8="
    },
    "lodash.isboolean": {
      "version": "3.0.3",
      "resolved": "https://npm.groupondev.com:443/api/npm/npm-release/lodash.isboolean/-/lodash.isboolean-3.0.3.tgz",
      "integrity": "sha1-bC4XHbKiV82WgC/UOwGyDV9YcPY="
    },
    "lodash.isinteger": {
      "version": "4.0.4",
      "resolved": "https://npm.groupondev.com:443/api/npm/npm-release/lodash.isinteger/-/lodash.isinteger-4.0.4.tgz",
      "integrity": "sha1-YZwK89A/iwTDH1iChAt3sRzWg0M="
    },
    "lodash.isnumber": {
      "version": "3.0.3",
      "resolved": "https://npm.groupondev.com:443/api/npm/npm-release/lodash.isnumber/-/lodash.isnumber-3.0.3.tgz",
      "integrity": "sha1-POdoEMWSjQM1IwGsKHMX8RwLH/w="
    },
    "lodash.isplainobject": {
      "version": "4.0.6",
      "resolved": "https://npm.groupondev.com:443/api/npm/npm-release/lodash.isplainobject/-/lodash.isplainobject-4.0.6.tgz",
      "integrity": "sha1-fFJqUtibRcRcxpC4gWO+BJf1UMs="
    },
    "lodash.isstring": {
      "version": "4.0.1",
      "resolved": "https://npm.groupondev.com:443/api/npm/npm-release/lodash.isstring/-/lodash.isstring-4.0.1.tgz",
      "integrity": "sha1-1SfftUVuynzJu5XV2ur4i6VKVFE="
    },
    "lodash.once": {
      "version": "4.1.1",
      "resolved": "https://npm.groupondev.com:443/api/npm/npm-release/lodash.once/-/lodash.once-4.1.1.tgz",
      "integrity": "sha1-DdOXEhPHxW34gJd9UEyI+0cal6w="
    },
    "macos-release": {
      "version": "2.4.1",
      "resolved": "https://npm.groupondev.com:443/api/npm/npm-release/macos-release/-/macos-release-2.4.1.tgz",
      "integrity": "sha1-ZAM9Dsal5jdRVadLGh66jlCYIKw="
    },
    "ms": {
      "version": "2.1.3",
      "resolved": "https://npm.groupondev.com:443/api/npm/npm-release/ms/-/ms-2.1.3.tgz",
      "integrity": "sha1-V0yBOM4dK1hh8LRFedut1gxmFbI="
    },
    "nice-try": {
      "version": "1.0.5",
      "resolved": "https://npm.groupondev.com:443/api/npm/npm-release/nice-try/-/nice-try-1.0.5.tgz",
      "integrity": "sha1-ozeKdpbOfSI+iPybdkvX7xCJ42Y="
    },
    "node-fetch": {
      "version": "2.6.1",
      "resolved": "https://npm.groupondev.com:443/api/npm/npm-release/node-fetch/-/node-fetch-2.6.1.tgz",
      "integrity": "sha1-BFvTI2Mfdu0uK1VXM5RBa2OaAFI="
    },
    "npm-run-path": {
      "version": "2.0.2",
      "resolved": "https://npm.groupondev.com:443/api/npm/npm-release/npm-run-path/-/npm-run-path-2.0.2.tgz",
      "integrity": "sha1-NakjLfo11wZ7TLLd8jV7GHFTbF8=",
      "requires": {
        "path-key": "^2.0.0"
      }
    },
    "once": {
      "version": "1.4.0",
      "resolved": "https://npm.groupondev.com:443/api/npm/npm-release/once/-/once-1.4.0.tgz",
      "integrity": "sha1-WDsap3WWHUsROsF9nFC6753Xa9E=",
      "requires": {
        "wrappy": "1"
      }
    },
    "os-name": {
      "version": "3.1.0",
      "resolved": "https://npm.groupondev.com:443/api/npm/npm-release/os-name/-/os-name-3.1.0.tgz",
      "integrity": "sha1-3sGdlmKW4c1i1wGlpm7h3ernCAE=",
      "requires": {
        "macos-release": "^2.2.0",
        "windows-release": "^3.1.0"
      }
    },
    "p-finally": {
      "version": "1.0.0",
      "resolved": "https://npm.groupondev.com:443/api/npm/npm-release/p-finally/-/p-finally-1.0.0.tgz",
      "integrity": "sha1-P7z7FbiZpEEjs0ttzBi3JDNqLK4="
    },
    "path-key": {
      "version": "2.0.1",
      "resolved": "https://npm.groupondev.com:443/api/npm/npm-release/path-key/-/path-key-2.0.1.tgz",
      "integrity": "sha1-QRyttXTFoUDTpLGRDUDYDMn0C0A="
    },
    "pump": {
      "version": "3.0.0",
      "resolved": "https://npm.groupondev.com:443/api/npm/npm-release/pump/-/pump-3.0.0.tgz",
      "integrity": "sha1-tKIRaBW94vTh6mAjVOjHVWUQemQ=",
      "requires": {
        "end-of-stream": "^1.1.0",
        "once": "^1.3.1"
      }
    },
    "readable-stream": {
      "version": "3.6.0",
      "resolved": "https://npm.groupondev.com:443/api/npm/npm-release/readable-stream/-/readable-stream-3.6.0.tgz",
      "integrity": "sha1-M3u9o63AcGvT4CRCaihtS0sskZg=",
      "requires": {
        "inherits": "^2.0.3",
        "string_decoder": "^1.1.1",
        "util-deprecate": "^1.0.1"
      }
    },
    "safe-buffer": {
      "version": "5.2.1",
      "resolved": "https://npm.groupondev.com:443/api/npm/npm-release/safe-buffer/-/safe-buffer-5.2.1.tgz",
      "integrity": "sha1-Hq+fqb2x/dTsdfWPnNtOa3gn7sY="
    },
    "semver": {
      "version": "5.7.1",
      "resolved": "https://npm.groupondev.com:443/api/npm/npm-release/semver/-/semver-5.7.1.tgz",
      "integrity": "sha1-qVT5Ma66UI0we78Gnv8MAclhFvc="
    },
    "shebang-command": {
      "version": "1.2.0",
      "resolved": "https://npm.groupondev.com:443/api/npm/npm-release/shebang-command/-/shebang-command-1.2.0.tgz",
      "integrity": "sha1-RKrGW2lbAzmJaMOfNj/uXer98eo=",
      "requires": {
        "shebang-regex": "^1.0.0"
      }
    },
    "shebang-regex": {
      "version": "1.0.0",
      "resolved": "https://npm.groupondev.com:443/api/npm/npm-release/shebang-regex/-/shebang-regex-1.0.0.tgz",
      "integrity": "sha1-2kL0l0DAtC2yypcoVxyxkMmO/qM="
    },
    "signal-exit": {
      "version": "3.0.3",
      "resolved": "https://npm.groupondev.com:443/api/npm/npm-release/signal-exit/-/signal-exit-3.0.3.tgz",
      "integrity": "sha1-oUEMLt2PB3sItOJTyOrPyvBXRhw="
    },
    "string_decoder": {
      "version": "1.3.0",
      "resolved": "https://npm.groupondev.com:443/api/npm/npm-release/string_decoder/-/string_decoder-1.3.0.tgz",
      "integrity": "sha1-QvEUWUpGzxqOMLCoT1bHjD7awh4=",
      "requires": {
        "safe-buffer": "~5.2.0"
      }
    },
    "strip-eof": {
      "version": "1.0.0",
      "resolved": "https://npm.groupondev.com:443/api/npm/npm-release/strip-eof/-/strip-eof-1.0.0.tgz",
      "integrity": "sha1-u0P/VZim6wXYm1n80SnJgzE2Br8="
    },
    "universal-user-agent": {
      "version": "2.1.0",
      "resolved": "https://npm.groupondev.com:443/api/npm/npm-release/universal-user-agent/-/universal-user-agent-2.1.0.tgz",
      "integrity": "sha1-Wr+8wDahukkMuUH4/WjEbTZp6OQ=",
      "requires": {
        "os-name": "^3.0.0"
      }
    },
    "url-template": {
      "version": "2.0.8",
      "resolved": "https://npm.groupondev.com:443/api/npm/npm-release/url-template/-/url-template-2.0.8.tgz",
      "integrity": "sha1-/FZaPMy/93MMd19WQflVV5FDnyE="
    },
    "util-deprecate": {
      "version": "1.0.2",
      "resolved": "https://npm.groupondev.com:443/api/npm/npm-release/util-deprecate/-/util-deprecate-1.0.2.tgz",
      "integrity": "sha1-RQ1Nyfpw3nMnYvvS1KKJgUGaDM8="
    },
    "which": {
      "version": "1.3.1",
      "resolved": "https://npm.groupondev.com:443/api/npm/npm-release/which/-/which-1.3.1.tgz",
      "integrity": "sha1-pFBD1U9YBTFtqNYvn1CRjT2nCwo=",
      "requires": {
        "isexe": "^2.0.0"
      }
    },
    "windows-release": {
      "version": "3.3.3",
      "resolved": "https://npm.groupondev.com:443/api/npm/npm-release/windows-release/-/windows-release-3.3.3.tgz",
      "integrity": "sha1-HBACfHIldD7sa4nfFg1kwuApOZk=",
      "requires": {
        "execa": "^1.0.0"
      }
    },
    "wrappy": {
      "version": "1.0.2",
      "resolved": "https://npm.groupondev.com:443/api/npm/npm-release/wrappy/-/wrappy-1.0.2.tgz",
      "integrity": "sha1-tSQ9jz7BqjXxNkYFvA0QNuMKtp8="
    }
  }
}
